// !$*UTF8*$!
{
	archiveVersion = 1;
	classes = {
	};
	objectVersion = 46;
	objects = {

/* Begin PBXBuildFile section */
		4AE2413C1A4A93360049CFAE /* main.m in Sources */ = {isa = PBXBuildFile; fileRef = 4AE2413B1A4A93360049CFAE /* main.m */; };
		4AE2413F1A4A93360049CFAE /* AppDelegate.m in Sources */ = {isa = PBXBuildFile; fileRef = 4AE2413E1A4A93360049CFAE /* AppDelegate.m */; };
		4AE241421A4A93360049CFAE /* ViewController.m in Sources */ = {isa = PBXBuildFile; fileRef = 4AE241411A4A93360049CFAE /* ViewController.m */; };
		4AE241451A4A93360049CFAE /* Main.storyboard in Resources */ = {isa = PBXBuildFile; fileRef = 4AE241431A4A93360049CFAE /* Main.storyboard */; };
		4AE241471A4A93360049CFAE /* Images.xcassets in Resources */ = {isa = PBXBuildFile; fileRef = 4AE241461A4A93360049CFAE /* Images.xcassets */; };
		4AE2414A1A4A93360049CFAE /* LaunchScreen.xib in Resources */ = {isa = PBXBuildFile; fileRef = 4AE241481A4A93360049CFAE /* LaunchScreen.xib */; };
		4AE241561A4A93360049CFAE /* OttranTests.m in Sources */ = {isa = PBXBuildFile; fileRef = 4AE241551A4A93360049CFAE /* OttranTests.m */; };
		4AE241651A4A93840049CFAE /* Ottran.m in Sources */ = {isa = PBXBuildFile; fileRef = 4AE241641A4A93840049CFAE /* Ottran.m */; };
/* End PBXBuildFile section */

/* Begin PBXContainerItemProxy section */
		4AE241501A4A93360049CFAE /* PBXContainerItemProxy */ = {
			isa = PBXContainerItemProxy;
			containerPortal = 4AE2412E1A4A93360049CFAE /* Project object */;
			proxyType = 1;
			remoteGlobalIDString = 4AE241351A4A93360049CFAE;
			remoteInfo = Ottran;
		};
/* End PBXContainerItemProxy section */

/* Begin PBXFileReference section */
		4AE241361A4A93360049CFAE /* Ottran.app */ = {isa = PBXFileReference; explicitFileType = wrapper.application; includeInIndex = 0; path = Ottran.app; sourceTree = BUILT_PRODUCTS_DIR; };
		4AE2413A1A4A93360049CFAE /* Info.plist */ = {isa = PBXFileReference; lastKnownFileType = text.plist.xml; path = Info.plist; sourceTree = "<group>"; };
		4AE2413B1A4A93360049CFAE /* main.m */ = {isa = PBXFileReference; lastKnownFileType = sourcecode.c.objc; path = main.m; sourceTree = "<group>"; };
		4AE2413D1A4A93360049CFAE /* AppDelegate.h */ = {isa = PBXFileReference; lastKnownFileType = sourcecode.c.h; path = AppDelegate.h; sourceTree = "<group>"; };
		4AE2413E1A4A93360049CFAE /* AppDelegate.m */ = {isa = PBXFileReference; lastKnownFileType = sourcecode.c.objc; path = AppDelegate.m; sourceTree = "<group>"; };
		4AE241401A4A93360049CFAE /* ViewController.h */ = {isa = PBXFileReference; lastKnownFileType = sourcecode.c.h; path = ViewController.h; sourceTree = "<group>"; };
		4AE241411A4A93360049CFAE /* ViewController.m */ = {isa = PBXFileReference; lastKnownFileType = sourcecode.c.objc; path = ViewController.m; sourceTree = "<group>"; };
		4AE241441A4A93360049CFAE /* Base */ = {isa = PBXFileReference; lastKnownFileType = file.storyboard; name = Base; path = Base.lproj/Main.storyboard; sourceTree = "<group>"; };
		4AE241461A4A93360049CFAE /* Images.xcassets */ = {isa = PBXFileReference; lastKnownFileType = folder.assetcatalog; path = Images.xcassets; sourceTree = "<group>"; };
		4AE241491A4A93360049CFAE /* Base */ = {isa = PBXFileReference; lastKnownFileType = file.xib; name = Base; path = Base.lproj/LaunchScreen.xib; sourceTree = "<group>"; };
		4AE2414F1A4A93360049CFAE /* OttranTests.xctest */ = {isa = PBXFileReference; explicitFileType = wrapper.cfbundle; includeInIndex = 0; path = OttranTests.xctest; sourceTree = BUILT_PRODUCTS_DIR; };
		4AE241541A4A93360049CFAE /* Info.plist */ = {isa = PBXFileReference; lastKnownFileType = text.plist.xml; path = Info.plist; sourceTree = "<group>"; };
		4AE241551A4A93360049CFAE /* OttranTests.m */ = {isa = PBXFileReference; lastKnownFileType = sourcecode.c.objc; path = OttranTests.m; sourceTree = "<group>"; };
		4AE241631A4A93840049CFAE /* Ottran.h */ = {isa = PBXFileReference; fileEncoding = 4; lastKnownFileType = sourcecode.c.h; path = Ottran.h; sourceTree = "<group>"; };
		4AE241641A4A93840049CFAE /* Ottran.m */ = {isa = PBXFileReference; fileEncoding = 4; lastKnownFileType = sourcecode.c.objc; path = Ottran.m; sourceTree = "<group>"; };
/* End PBXFileReference section */

/* Begin PBXFrameworksBuildPhase section */
		4AE241331A4A93360049CFAE /* Frameworks */ = {
			isa = PBXFrameworksBuildPhase;
			buildActionMask = 2147483647;
			files = (
			);
			runOnlyForDeploymentPostprocessing = 0;
		};
		4AE2414C1A4A93360049CFAE /* Frameworks */ = {
			isa = PBXFrameworksBuildPhase;
			buildActionMask = 2147483647;
			files = (
			);
			runOnlyForDeploymentPostprocessing = 0;
		};
/* End PBXFrameworksBuildPhase section */

/* Begin PBXGroup section */
		4AE2412D1A4A93360049CFAE = {
			isa = PBXGroup;
			children = (
				4AE241381A4A93360049CFAE /* Ottran */,
				4AE241521A4A93360049CFAE /* OttranTests */,
				4AE241371A4A93360049CFAE /* Products */,
			);
			sourceTree = "<group>";
		};
		4AE241371A4A93360049CFAE /* Products */ = {
			isa = PBXGroup;
			children = (
				4AE241361A4A93360049CFAE /* Ottran.app */,
				4AE2414F1A4A93360049CFAE /* OttranTests.xctest */,
			);
			name = Products;
			sourceTree = "<group>";
		};
		4AE241381A4A93360049CFAE /* Ottran */ = {
			isa = PBXGroup;
			children = (
				4AE241621A4A93840049CFAE /* Source */,
				4AE2413D1A4A93360049CFAE /* AppDelegate.h */,
				4AE2413E1A4A93360049CFAE /* AppDelegate.m */,
				4AE241401A4A93360049CFAE /* ViewController.h */,
				4AE241411A4A93360049CFAE /* ViewController.m */,
				4AE241431A4A93360049CFAE /* Main.storyboard */,
				4AE241461A4A93360049CFAE /* Images.xcassets */,
				4AE241481A4A93360049CFAE /* LaunchScreen.xib */,
				4AE241391A4A93360049CFAE /* Supporting Files */,
			);
			path = Ottran;
			sourceTree = "<group>";
		};
		4AE241391A4A93360049CFAE /* Supporting Files */ = {
			isa = PBXGroup;
			children = (
				4AE2413A1A4A93360049CFAE /* Info.plist */,
				4AE2413B1A4A93360049CFAE /* main.m */,
			);
			name = "Supporting Files";
			sourceTree = "<group>";
		};
		4AE241521A4A93360049CFAE /* OttranTests */ = {
			isa = PBXGroup;
			children = (
				4AE241551A4A93360049CFAE /* OttranTests.m */,
				4AE241531A4A93360049CFAE /* Supporting Files */,
			);
			path = OttranTests;
			sourceTree = "<group>";
		};
		4AE241531A4A93360049CFAE /* Supporting Files */ = {
			isa = PBXGroup;
			children = (
				4AE241541A4A93360049CFAE /* Info.plist */,
			);
			name = "Supporting Files";
			sourceTree = "<group>";
		};
		4AE241621A4A93840049CFAE /* Source */ = {
			isa = PBXGroup;
			children = (
				4AE241631A4A93840049CFAE /* Ottran.h */,
				4AE241641A4A93840049CFAE /* Ottran.m */,
			);
			path = Source;
			sourceTree = "<group>";
		};
/* End PBXGroup section */

/* Begin PBXNativeTarget section */
		4AE241351A4A93360049CFAE /* Ottran */ = {
			isa = PBXNativeTarget;
			buildConfigurationList = 4AE241591A4A93360049CFAE /* Build configuration list for PBXNativeTarget "Ottran" */;
			buildPhases = (
				4AE241321A4A93360049CFAE /* Sources */,
				4AE241331A4A93360049CFAE /* Frameworks */,
				4AE241341A4A93360049CFAE /* Resources */,
			);
			buildRules = (
			);
			dependencies = (
			);
			name = Ottran;
			productName = Ottran;
			productReference = 4AE241361A4A93360049CFAE /* Ottran.app */;
			productType = "com.apple.product-type.application";
		};
		4AE2414E1A4A93360049CFAE /* OttranTests */ = {
			isa = PBXNativeTarget;
			buildConfigurationList = 4AE2415C1A4A93360049CFAE /* Build configuration list for PBXNativeTarget "OttranTests" */;
			buildPhases = (
				4AE2414B1A4A93360049CFAE /* Sources */,
				4AE2414C1A4A93360049CFAE /* Frameworks */,
				4AE2414D1A4A93360049CFAE /* Resources */,
			);
			buildRules = (
			);
			dependencies = (
				4AE241511A4A93360049CFAE /* PBXTargetDependency */,
			);
			name = OttranTests;
			productName = OttranTests;
			productReference = 4AE2414F1A4A93360049CFAE /* OttranTests.xctest */;
			productType = "com.apple.product-type.bundle.unit-test";
		};
/* End PBXNativeTarget section */

/* Begin PBXProject section */
		4AE2412E1A4A93360049CFAE /* Project object */ = {
			isa = PBXProject;
			attributes = {
				LastUpgradeCheck = 0620;
				ORGANIZATIONNAME = "Balachander M";
				TargetAttributes = {
					4AE241351A4A93360049CFAE = {
						CreatedOnToolsVersion = 6.2;
					};
					4AE2414E1A4A93360049CFAE = {
						CreatedOnToolsVersion = 6.2;
						TestTargetID = 4AE241351A4A93360049CFAE;
					};
				};
			};
			buildConfigurationList = 4AE241311A4A93360049CFAE /* Build configuration list for PBXProject "Ottran" */;
			compatibilityVersion = "Xcode 3.2";
			developmentRegion = English;
			hasScannedForEncodings = 0;
			knownRegions = (
				en,
				Base,
			);
			mainGroup = 4AE2412D1A4A93360049CFAE;
			productRefGroup = 4AE241371A4A93360049CFAE /* Products */;
			projectDirPath = "";
			projectRoot = "";
			targets = (
				4AE241351A4A93360049CFAE /* Ottran */,
				4AE2414E1A4A93360049CFAE /* OttranTests */,
			);
		};
/* End PBXProject section */

/* Begin PBXResourcesBuildPhase section */
		4AE241341A4A93360049CFAE /* Resources */ = {
			isa = PBXResourcesBuildPhase;
			buildActionMask = 2147483647;
			files = (
				4AE241451A4A93360049CFAE /* Main.storyboard in Resources */,
				4AE2414A1A4A93360049CFAE /* LaunchScreen.xib in Resources */,
				4AE241471A4A93360049CFAE /* Images.xcassets in Resources */,
			);
			runOnlyForDeploymentPostprocessing = 0;
		};
		4AE2414D1A4A93360049CFAE /* Resources */ = {
			isa = PBXResourcesBuildPhase;
			buildActionMask = 2147483647;
			files = (
			);
			runOnlyForDeploymentPostprocessing = 0;
		};
/* End PBXResourcesBuildPhase section */

/* Begin PBXSourcesBuildPhase section */
		4AE241321A4A93360049CFAE /* Sources */ = {
			isa = PBXSourcesBuildPhase;
			buildActionMask = 2147483647;
			files = (
				4AE241421A4A93360049CFAE /* ViewController.m in Sources */,
				4AE2413F1A4A93360049CFAE /* AppDelegate.m in Sources */,
				4AE2413C1A4A93360049CFAE /* main.m in Sources */,
				4AE241651A4A93840049CFAE /* Ottran.m in Sources */,
			);
			runOnlyForDeploymentPostprocessing = 0;
		};
		4AE2414B1A4A93360049CFAE /* Sources */ = {
			isa = PBXSourcesBuildPhase;
			buildActionMask = 2147483647;
			files = (
				4AE241561A4A93360049CFAE /* OttranTests.m in Sources */,
			);
			runOnlyForDeploymentPostprocessing = 0;
		};
/* End PBXSourcesBuildPhase section */

/* Begin PBXTargetDependency section */
		4AE241511A4A93360049CFAE /* PBXTargetDependency */ = {
			isa = PBXTargetDependency;
			target = 4AE241351A4A93360049CFAE /* Ottran */;
			targetProxy = 4AE241501A4A93360049CFAE /* PBXContainerItemProxy */;
		};
/* End PBXTargetDependency section */

/* Begin PBXVariantGroup section */
		4AE241431A4A93360049CFAE /* Main.storyboard */ = {
			isa = PBXVariantGroup;
			children = (
				4AE241441A4A93360049CFAE /* Base */,
			);
			name = Main.storyboard;
			sourceTree = "<group>";
		};
		4AE241481A4A93360049CFAE /* LaunchScreen.xib */ = {
			isa = PBXVariantGroup;
			children = (
				4AE241491A4A93360049CFAE /* Base */,
			);
			name = LaunchScreen.xib;
			sourceTree = "<group>";
		};
/* End PBXVariantGroup section */

/* Begin XCBuildConfiguration section */
		4AE241571A4A93360049CFAE /* Debug */ = {
			isa = XCBuildConfiguration;
			buildSettings = {
				ALWAYS_SEARCH_USER_PATHS = NO;
				CLANG_CXX_LANGUAGE_STANDARD = "gnu++0x";
				CLANG_CXX_LIBRARY = "libc++";
				CLANG_ENABLE_MODULES = YES;
				CLANG_ENABLE_OBJC_ARC = YES;
				CLANG_WARN_BOOL_CONVERSION = YES;
				CLANG_WARN_CONSTANT_CONVERSION = YES;
				CLANG_WARN_DIRECT_OBJC_ISA_USAGE = YES_ERROR;
				CLANG_WARN_EMPTY_BODY = YES;
				CLANG_WARN_ENUM_CONVERSION = YES;
				CLANG_WARN_INT_CONVERSION = YES;
				CLANG_WARN_OBJC_ROOT_CLASS = YES_ERROR;
				CLANG_WARN_UNREACHABLE_CODE = YES;
				CLANG_WARN__DUPLICATE_METHOD_MATCH = YES;
				"CODE_SIGN_IDENTITY[sdk=iphoneos*]" = "iPhone Developer";
				COPY_PHASE_STRIP = NO;
				ENABLE_STRICT_OBJC_MSGSEND = YES;
				GCC_C_LANGUAGE_STANDARD = gnu99;
				GCC_DYNAMIC_NO_PIC = NO;
				GCC_OPTIMIZATION_LEVEL = 0;
				GCC_PREPROCESSOR_DEFINITIONS = (
					"DEBUG=1",
					"$(inherited)",
				);
				GCC_SYMBOLS_PRIVATE_EXTERN = NO;
				GCC_WARN_64_TO_32_BIT_CONVERSION = YES;
				GCC_WARN_ABOUT_RETURN_TYPE = YES_ERROR;
				GCC_WARN_UNDECLARED_SELECTOR = YES;
				GCC_WARN_UNINITIALIZED_AUTOS = YES_AGGRESSIVE;
				GCC_WARN_UNUSED_FUNCTION = YES;
				GCC_WARN_UNUSED_VARIABLE = YES;
				IPHONEOS_DEPLOYMENT_TARGET = 8.2;
				MTL_ENABLE_DEBUG_INFO = YES;
				ONLY_ACTIVE_ARCH = YES;
				SDKROOT = iphoneos;
			};
			name = Debug;
		};
		4AE241581A4A93360049CFAE /* Release */ = {
			isa = XCBuildConfiguration;
			buildSettings = {
				ALWAYS_SEARCH_USER_PATHS = NO;
				CLANG_CXX_LANGUAGE_STANDARD = "gnu++0x";
				CLANG_CXX_LIBRARY = "libc++";
				CLANG_ENABLE_MODULES = YES;
				CLANG_ENABLE_OBJC_ARC = YES;
				CLANG_WARN_BOOL_CONVERSION = YES;
				CLANG_WARN_CONSTANT_CONVERSION = YES;
				CLANG_WARN_DIRECT_OBJC_ISA_USAGE = YES_ERROR;
				CLANG_WARN_EMPTY_BODY = YES;
				CLANG_WARN_ENUM_CONVERSION = YES;
				CLANG_WARN_INT_CONVERSION = YES;
				CLANG_WARN_OBJC_ROOT_CLASS = YES_ERROR;
				CLANG_WARN_UNREACHABLE_CODE = YES;
				CLANG_WARN__DUPLICATE_METHOD_MATCH = YES;
				"CODE_SIGN_IDENTITY[sdk=iphoneos*]" = "iPhone Developer";
				COPY_PHASE_STRIP = YES;
				ENABLE_NS_ASSERTIONS = NO;
				ENABLE_STRICT_OBJC_MSGSEND = YES;
				GCC_C_LANGUAGE_STANDARD = gnu99;
				GCC_WARN_64_TO_32_BIT_CONVERSION = YES;
				GCC_WARN_ABOUT_RETURN_TYPE = YES_ERROR;
				GCC_WARN_UNDECLARED_SELECTOR = YES;
				GCC_WARN_UNINITIALIZED_AUTOS = YES_AGGRESSIVE;
				GCC_WARN_UNUSED_FUNCTION = YES;
				GCC_WARN_UNUSED_VARIABLE = YES;
				IPHONEOS_DEPLOYMENT_TARGET = 8.2;
				MTL_ENABLE_DEBUG_INFO = NO;
				SDKROOT = iphoneos;
				VALIDATE_PRODUCT = YES;
			};
			name = Release;
		};
		4AE2415A1A4A93360049CFAE /* Debug */ = {
			isa = XCBuildConfiguration;
			buildSettings = {
				ASSETCATALOG_COMPILER_APPICON_NAME = AppIcon;
				INFOPLIST_FILE = Ottran/Info.plist;
				LD_RUNPATH_SEARCH_PATHS = "$(inherited) @executable_path/Frameworks";
				PRODUCT_NAME = "$(TARGET_NAME)";
			};
			name = Debug;
		};
		4AE2415B1A4A93360049CFAE /* Release */ = {
			isa = XCBuildConfiguration;
			buildSettings = {
				ASSETCATALOG_COMPILER_APPICON_NAME = AppIcon;
				INFOPLIST_FILE = Ottran/Info.plist;
				LD_RUNPATH_SEARCH_PATHS = "$(inherited) @executable_path/Frameworks";
				PRODUCT_NAME = "$(TARGET_NAME)";
			};
			name = Release;
		};
		4AE2415D1A4A93360049CFAE /* Debug */ = {
			isa = XCBuildConfiguration;
			buildSettings = {
				BUNDLE_LOADER = "$(TEST_HOST)";
				FRAMEWORK_SEARCH_PATHS = (
					"$(SDKROOT)/Developer/Library/Frameworks",
					"$(inherited)",
				);
				GCC_PREPROCESSOR_DEFINITIONS = (
					"DEBUG=1",
					"$(inherited)",
				);
				INFOPLIST_FILE = OttranTests/Info.plist;
				LD_RUNPATH_SEARCH_PATHS = "$(inherited) @executable_path/Frameworks @loader_path/Frameworks";
				PRODUCT_NAME = "$(TARGET_NAME)";
				TEST_HOST = "$(BUILT_PRODUCTS_DIR)/Ottran.app/Ottran";
			};
			name = Debug;
		};
		4AE2415E1A4A93360049CFAE /* Release */ = {
			isa = XCBuildConfiguration;
			buildSettings = {
				BUNDLE_LOADER = "$(TEST_HOST)";
				FRAMEWORK_SEARCH_PATHS = (
					"$(SDKROOT)/Developer/Library/Frameworks",
					"$(inherited)",
				);
				INFOPLIST_FILE = OttranTests/Info.plist;
				LD_RUNPATH_SEARCH_PATHS = "$(inherited) @executable_path/Frameworks @loader_path/Frameworks";
				PRODUCT_NAME = "$(TARGET_NAME)";
				TEST_HOST = "$(BUILT_PRODUCTS_DIR)/Ottran.app/Ottran";
			};
			name = Release;
		};
/* End XCBuildConfiguration section */

/* Begin XCConfigurationList section */
		4AE241311A4A93360049CFAE /* Build configuration list for PBXProject "Ottran" */ = {
			isa = XCConfigurationList;
			buildConfigurations = (
				4AE241571A4A93360049CFAE /* Debug */,
				4AE241581A4A93360049CFAE /* Release */,
			);
			defaultConfigurationIsVisible = 0;
			defaultConfigurationName = Release;
		};
		4AE241591A4A93360049CFAE /* Build configuration list for PBXNativeTarget "Ottran" */ = {
			isa = XCConfigurationList;
			buildConfigurations = (
				4AE2415A1A4A93360049CFAE /* Debug */,
				4AE2415B1A4A93360049CFAE /* Release */,
			);
			defaultConfigurationIsVisible = 0;
		};
		4AE2415C1A4A93360049CFAE /* Build configuration list for PBXNativeTarget "OttranTests" */ = {
			isa = XCConfigurationList;
			buildConfigurations = (
				4AE2415D1A4A93360049CFAE /* Debug */,
				4AE2415E1A4A93360049CFAE /* Release */,
			);
			defaultConfigurationIsVisible = 0;
		};
/* End XCConfigurationList section */
	};
	rootObject = 4AE2412E1A4A93360049CFAE /* Project object */;
}
